
Microsoft Visual Studio Solution File, Format Version 12.00
# Visual Studio Version 16
VisualStudioVersion = 16.0.30223.230
MinimumVisualStudioVersion = 10.0.40219.1
Project("{FAE04EC0-301F-11D3-BF4B-00C04F79EFBC}") = "SerAPI", "SerAPI.csproj", "{EF0CD992-EA6F-4C36-A10C-8B95DF5C0FB0}"
EndProject
Global
	GlobalSection(SolutionConfigurationPlatforms) = preSolution
		Debug|Any CPU = Debug|Any CPU
		Release|Any CPU = Release|Any CPU
	EndGlobalSection
	GlobalSection(ProjectConfigurationPlatforms) = postSolution
		{EF0CD992-EA6F-4C36-A10C-8B95DF5C0FB0}.Debug|Any CPU.ActiveCfg = Debug|Any CPU
		{EF0CD992-EA6F-4C36-A10C-8B95DF5C0FB0}.Debug|Any CPU.Build.0 = Debug|Any CPU
		{EF0CD992-EA6F-4C36-A10C-8B95DF5C0FB0}.Release|Any CPU.ActiveCfg = Release|Any CPU
		{EF0CD992-EA6F-4C36-A10C-8B95DF5C0FB0}.Release|Any CPU.Build.0 = Release|Any CPU
	EndGlobalSection
	GlobalSection(SolutionProperties) = preSolution
		HideSolutionNode = FALSE
	EndGlobalSection
	GlobalSection(ExtensibilityGlobals) = postSolution
		SolutionGuid = {282B1B9F-F233-4D52-8963-5502240DE54B}
	EndGlobalSection
EndGlobal
